{
  "name": "stencil-slot-bug-poc",
  "version": "0.0.1",
  "lockfileVersion": 3,
  "requires": true,
  "packages": {
    "": {
      "name": "stencil-slot-bug-poc",
      "version": "0.0.1",
      "license": "MIT",
      "devDependencies": {
        "@stencil/core": "^4.8.1",
        "@types/node": "^20.10.3",
        "typescript": "^5.3.2"
      }
    },
    "node_modules/@stencil/core": {
      "version": "4.8.1",
      "resolved": "https://artifactory.chathamfinancial.com:443/api/npm/npm/@stencil/core/-/core-4.8.1.tgz",
      "integrity": "sha1-NPYsPQ8qL0Or6TUJL+E/pszhvys=",
      "dev": true,
      "license": "MIT",
      "bin": {
        "stencil": "bin/stencil"
      },
      "engines": {
        "node": ">=16.0.0",
        "npm": ">=7.10.0"
      }
    },
    "node_modules/@stencil/sass": {
      "version": "3.0.7",
      "resolved": "https://artifactory.chathamfinancial.com:443/api/npm/npm/@stencil/sass/-/sass-3.0.7.tgz",
      "integrity": "sha1-f4IlzQEis8UXwPkAftDNmM+C6j0=",
      "dev": true,
      "license": "MIT",
      "engines": {
        "node": ">=12.0.0",
        "npm": ">=6.0.0"
      },
      "peerDependencies": {
        "@stencil/core": ">=2.0.0 || >=3.0.0-beta.0 || >= 4.0.0-beta.0 || >= 4.0.0"
      }
    },
    "node_modules/@types/node": {
      "version": "20.10.3",
      "resolved": "https://artifactory.chathamfinancial.com:443/api/npm/npm/@types/node/-/node-20.10.3.tgz",
      "integrity": "sha1-SQCtzH/BidWvW7QdqPVDzqaWIDA=",
      "dev": true,
      "license": "MIT",
      "dependencies": {
        "undici-types": "~5.26.4"
      }
    },
    "node_modules/typescript": {
      "version": "5.3.2",
      "resolved": "https://artifactory.chathamfinancial.com:443/api/npm/npm/typescript/-/typescript-5.3.2.tgz",
      "integrity": "sha1-ANHHwcRpKMWEXB7o0MwnkQMdTEM=",
      "dev": true,
      "license": "Apache-2.0",
      "bin": {
        "tsc": "bin/tsc",
        "tsserver": "bin/tsserver"
      },
      "engines": {
        "node": ">=14.17"
      }
    },
    "node_modules/undici-types": {
      "version": "5.26.5",
      "resolved": "https://artifactory.chathamfinancial.com:443/api/npm/npm/undici-types/-/undici-types-5.26.5.tgz",
      "integrity": "sha1-vNU5iT0AtW6WT9JlekhmsiGmVhc=",
      "dev": true,
      "license": "MIT"
    }
  }
}
